# THIS IS AN AUTOGENERATED FILE. DO NOT EDIT THIS FILE DIRECTLY.
# yarn lockfile v1


avsc@^5.5.3:
  version "5.5.3"
  resolved "https://registry.yarnpkg.com/avsc/-/avsc-5.5.3.tgz#40b4ce7aee9f4a5c4e48243114fed0977523e8e9"
  integrity sha512-LaBbmBsus1mpK+6i99AF57/tUP8/wAj9+ZZm/5HGNIWN0dUZWUEp4/o79pAiRz49Mdb3PskltbCFD3w115TdZQ==
