# This file is generated by running "yarn install" inside your project.
# Manual changes might be lost - proceed with caution!

__metadata:
  version: 4
  cacheKey: 7

"2021-06-23-yarn2@workspace:.":
  version: 0.0.0-use.local
  resolution: "2021-06-23-yarn2@workspace:."
  dependencies:
    change-case: ^4.1.2
  languageName: unknown
  linkType: soft

"camel-case@npm:^4.1.2":
  version: 4.1.2
  resolution: "camel-case@npm:4.1.2"
  dependencies:
    pascal-case: ^3.1.2
    tslib: ^2.0.3
  checksum: 0b8dcfb424c9497e45984b88ef005c66bdf8e877e36365aedfc3cf73182684fde5a14cf2c526579c0351a5f27dc39a00f1edecc25d43606075fea948c504e37f
  languageName: node
  linkType: hard

"capital-case@npm:^1.0.4":
  version: 1.0.4
  resolution: "capital-case@npm:1.0.4"
  dependencies:
    no-case: ^3.0.4
    tslib: ^2.0.3
    upper-case-first: ^2.0.2
  checksum: cce3d8f8f72d04d20e03f3724294edf2e727e71300617357a071cde16972b8f8170d485babf9453928a8fbd145df656d2e0256d6d475859356c78c3849fa12ac
  languageName: node
  linkType: hard

"change-case@npm:^4.1.2":
  version: 4.1.2
  resolution: "change-case@npm:4.1.2"
  dependencies:
    camel-case: ^4.1.2
    capital-case: ^1.0.4
    constant-case: ^3.0.4
    dot-case: ^3.0.4
    header-case: ^2.0.4
    no-case: ^3.0.4
    param-case: ^3.0.4
    pascal-case: ^3.1.2
    path-case: ^3.0.4
    sentence-case: ^3.0.4
    snake-case: ^3.0.4
    tslib: ^2.0.3
  checksum: dfc3d5afcb442b8dfabfd2068d9e845b396f98ba72f4b2c702b8afe935e56d6a0b48281866f91fe77cf669d99bfea6176079d5d1033f6ce574c6a97a5862bcf9
  languageName: node
  linkType: hard

"constant-case@npm:^3.0.4":
  version: 3.0.4
  resolution: "constant-case@npm:3.0.4"
  dependencies:
    no-case: ^3.0.4
    tslib: ^2.0.3
    upper-case: ^2.0.2
  checksum: c2ca78e785a0ca46cbb4cb5ea7d64c2ff8e6184ca8a46cab39ec5bedf51a42f22d019d0aaeb00afe0e73e0d6a628d6bd9b85294856047c2fae794934888b8a10
  languageName: node
  linkType: hard

"dot-case@npm:^3.0.4":
  version: 3.0.4
  resolution: "dot-case@npm:3.0.4"
  dependencies:
    no-case: ^3.0.4
    tslib: ^2.0.3
  checksum: 2d93626464927f533eaa66ba8c9b3a2dede6a324b5020fb90c46779ed629d50542f642aaac578e035e5cb141473c5f2c50eac232a8d8bf820ab471358d7bf587
  languageName: node
  linkType: hard

"header-case@npm:^2.0.4":
  version: 2.0.4
  resolution: "header-case@npm:2.0.4"
  dependencies:
    capital-case: ^1.0.4
    tslib: ^2.0.3
  checksum: 1cc640a98a59224db2b1c3ed2ecf2a9755db445b103462d4a30185e825ec6d61fbcc6b607a0d87b6f71b33a9f0080f6900420da528ced5cb661b4de75c36dd4d
  languageName: node
  linkType: hard

"lower-case@npm:^2.0.2":
  version: 2.0.2
  resolution: "lower-case@npm:2.0.2"
  dependencies:
    tslib: ^2.0.3
  checksum: aabaca9cef65f7564a1005b625664527e4d169e363101e65773f8f6ff2fdcf09884a3bc02990cd7a62cf05f3538114af25ee7bef553f1ca3208c8a77ac75cbfa
  languageName: node
  linkType: hard

"no-case@npm:^3.0.4":
  version: 3.0.4
  resolution: "no-case@npm:3.0.4"
  dependencies:
    lower-case: ^2.0.2
    tslib: ^2.0.3
  checksum: 84db4909caec37504c6655f995a004067f8733be8cd8d849f1578661b60a1685e086325fa4e1a5e8ce94e7416c1d0f037e2a00f635a14457183de80ab4fc7612
  languageName: node
  linkType: hard

"param-case@npm:^3.0.4":
  version: 3.0.4
  resolution: "param-case@npm:3.0.4"
  dependencies:
    dot-case: ^3.0.4
    tslib: ^2.0.3
  checksum: 879358f67167dfe48f4cd5b3c888456b8d7d30daf8bff1e354eece6e8bedb9fb27250bc34fd32390cb9d890677b9b907dcf89808ee3ebcd947d4c1db9f650127
  languageName: node
  linkType: hard

"pascal-case@npm:^3.1.2":
  version: 3.1.2
  resolution: "pascal-case@npm:3.1.2"
  dependencies:
    no-case: ^3.0.4
    tslib: ^2.0.3
  checksum: 31708cecab221482edc81e2bd9b9d8282d72d4f1443b31f39725aa23768c5e42d93c4c014f1bc90f7f074e2a70d5091e4892ea370e550affc9ccf1d33c900bcd
  languageName: node
  linkType: hard

"path-case@npm:^3.0.4":
  version: 3.0.4
  resolution: "path-case@npm:3.0.4"
  dependencies:
    dot-case: ^3.0.4
    tslib: ^2.0.3
  checksum: 4f4a2ac7f621e70a531c7ece246a410ce000f0cd279086f3cbaa9d28fb912f36fb4b4e9f524a535bf1975b6a404a35851c7b463d0453de4b5e0ecf69d4b8aed3
  languageName: node
  linkType: hard

"sentence-case@npm:^3.0.4":
  version: 3.0.4
  resolution: "sentence-case@npm:3.0.4"
  dependencies:
    no-case: ^3.0.4
    tslib: ^2.0.3
    upper-case-first: ^2.0.2
  checksum: 39bf70b87190064fdccd357ebd78ea9196a260ee6b87893b5099aa54af92f5a49676fa9f94c7ccf501a3fa0d72e3438237c110022b6cec760d6dd921b1bf16f7
  languageName: node
  linkType: hard

"snake-case@npm:^3.0.4":
  version: 3.0.4
  resolution: "snake-case@npm:3.0.4"
  dependencies:
    dot-case: ^3.0.4
    tslib: ^2.0.3
  checksum: f087328861d81e6476996b837b91f9daaa063fd03cb2f0cd35276c5aaa03e7ac7acfd94721028ae5119193a6fc0a9c91123ea7a43e59650f076dac06428c8bf2
  languageName: node
  linkType: hard

"tslib@npm:^2.0.3":
  version: 2.3.0
  resolution: "tslib@npm:2.3.0"
  checksum: 7b4fc9feff0f704743c3760f5d8d708f6417fac6458159e63df3a6b1100f0736e3b99edb9fe370f274ad15160a1f49ff05cb49402534c818ff552c48e38c3e6e
  languageName: node
  linkType: hard

"upper-case-first@npm:^2.0.2":
  version: 2.0.2
  resolution: "upper-case-first@npm:2.0.2"
  dependencies:
    tslib: ^2.0.3
  checksum: b485994181366f0aced25ed7e3344ae3bfc06ce5430b4a8ec89a552bf57206a9471705561fa37075ee8a1058b5ebc91570746bf6f74f351aa1ab6156dfad5618
  languageName: node
  linkType: hard

"upper-case@npm:^2.0.2":
  version: 2.0.2
  resolution: "upper-case@npm:2.0.2"
  dependencies:
    tslib: ^2.0.3
  checksum: db9adfeca3ba0ca98f197d8cbf5b97f424c30ac2bb5e672e68033cf2ea747e66d1e2ebc3921e947dad672869c65c6cb5257fe703142bca9c3aeefe802a0bc2e8
  languageName: node
  linkType: hard
