{
  "name": "2023-10-19-mixed-bson-versions",
  "version": "1.0.0",
  "lockfileVersion": 2,
  "requires": true,
  "packages": {
    "": {
      "name": "2023-10-19-mixed-bson-versions",
      "version": "1.0.0",
      "license": "ISC",
      "dependencies": {
        "bson1": "npm:bson@^1.1.6",
        "bson4": "npm:bson@^4.0.0",
        "clone0": "npm:clone@^0.1.19",
        "clone2": "npm:clone@^2.1.2"
      }
    },
    "node_modules/base64-js": {
      "version": "1.5.1",
      "resolved": "https://registry.npmjs.org/base64-js/-/base64-js-1.5.1.tgz",
      "integrity": "sha512-AKpaYlHn8t4SVbOHCy+b5+KKgvR4vrsD8vbvrbiQJps7fKDTkjkDry6ji0rUJjC0kzbNePLwzxq8iypo41qeWA==",
      "funding": [
        {
          "type": "github",
          "url": "https://github.com/sponsors/feross"
        },
        {
          "type": "patreon",
          "url": "https://www.patreon.com/feross"
        },
        {
          "type": "consulting",
          "url": "https://feross.org/support"
        }
      ]
    },
    "node_modules/bson1": {
      "name": "bson",
      "version": "1.1.6",
      "resolved": "https://registry.npmjs.org/bson/-/bson-1.1.6.tgz",
      "integrity": "sha512-EvVNVeGo4tHxwi8L6bPj3y3itEvStdwvvlojVxxbyYfoaxJ6keLgrTuKdyfEAszFK+H3olzBuafE0yoh0D1gdg==",
      "engines": {
        "node": ">=0.6.19"
      }
    },
    "node_modules/bson4": {
      "name": "bson",
      "version": "4.7.2",
      "resolved": "https://registry.npmjs.org/bson/-/bson-4.7.2.tgz",
      "integrity": "sha512-Ry9wCtIZ5kGqkJoi6aD8KjxFZEx78guTQDnpXWiNthsxzrxAK/i8E6pCHAIZTbaEFWcOCvbecMukfK7XUvyLpQ==",
      "dependencies": {
        "buffer": "^5.6.0"
      },
      "engines": {
        "node": ">=6.9.0"
      }
    },
    "node_modules/buffer": {
      "version": "5.7.1",
      "resolved": "https://registry.npmjs.org/buffer/-/buffer-5.7.1.tgz",
      "integrity": "sha512-EHcyIPBQ4BSGlvjB16k5KgAJ27CIsHY/2JBmCRReo48y9rQ3MaUzWX3KVlBa4U7MyX02HdVj0K7C3WaB3ju7FQ==",
      "funding": [
        {
          "type": "github",
          "url": "https://github.com/sponsors/feross"
        },
        {
          "type": "patreon",
          "url": "https://www.patreon.com/feross"
        },
        {
          "type": "consulting",
          "url": "https://feross.org/support"
        }
      ],
      "dependencies": {
        "base64-js": "^1.3.1",
        "ieee754": "^1.1.13"
      }
    },
    "node_modules/clone0": {
      "name": "clone",
      "version": "0.1.19",
      "resolved": "https://registry.npmjs.org/clone/-/clone-0.1.19.tgz",
      "integrity": "sha512-IO78I0y6JcSpEPHzK4obKdsL7E7oLdRVDVOLwr2Hkbjsb+Eoz0dxW6tef0WizoKu0gLC4oZSZuEF4U2K6w1WQw==",
      "engines": {
        "node": "*"
      }
    },
    "node_modules/clone2": {
      "name": "clone",
      "version": "2.1.2",
      "resolved": "https://registry.npmjs.org/clone/-/clone-2.1.2.tgz",
      "integrity": "sha512-3Pe/CF1Nn94hyhIYpjtiLhdCoEoz0DqQ+988E9gmeEdQZlojxnOb74wctFyuwWQHzqyf9X7C7MG8juUpqBJT8w==",
      "engines": {
        "node": ">=0.8"
      }
    },
    "node_modules/ieee754": {
      "version": "1.2.1",
      "resolved": "https://registry.npmjs.org/ieee754/-/ieee754-1.2.1.tgz",
      "integrity": "sha512-dcyqhDvX1C46lXZcVqCpK+FtMRQVdIMN6/Df5js2zouUsqG7I6sFxitIC+7KYK29KdXOLHdu9zL4sFnoVQnqaA==",
      "funding": [
        {
          "type": "github",
          "url": "https://github.com/sponsors/feross"
        },
        {
          "type": "patreon",
          "url": "https://www.patreon.com/feross"
        },
        {
          "type": "consulting",
          "url": "https://feross.org/support"
        }
      ]
    }
  },
  "dependencies": {
    "base64-js": {
      "version": "1.5.1",
      "resolved": "https://registry.npmjs.org/base64-js/-/base64-js-1.5.1.tgz",
      "integrity": "sha512-AKpaYlHn8t4SVbOHCy+b5+KKgvR4vrsD8vbvrbiQJps7fKDTkjkDry6ji0rUJjC0kzbNePLwzxq8iypo41qeWA=="
    },
    "bson1": {
      "version": "npm:bson@1.1.6",
      "resolved": "https://registry.npmjs.org/bson/-/bson-1.1.6.tgz",
      "integrity": "sha512-EvVNVeGo4tHxwi8L6bPj3y3itEvStdwvvlojVxxbyYfoaxJ6keLgrTuKdyfEAszFK+H3olzBuafE0yoh0D1gdg=="
    },
    "bson4": {
      "version": "npm:bson@4.7.2",
      "resolved": "https://registry.npmjs.org/bson/-/bson-4.7.2.tgz",
      "integrity": "sha512-Ry9wCtIZ5kGqkJoi6aD8KjxFZEx78guTQDnpXWiNthsxzrxAK/i8E6pCHAIZTbaEFWcOCvbecMukfK7XUvyLpQ==",
      "requires": {
        "buffer": "^5.6.0"
      }
    },
    "buffer": {
      "version": "5.7.1",
      "resolved": "https://registry.npmjs.org/buffer/-/buffer-5.7.1.tgz",
      "integrity": "sha512-EHcyIPBQ4BSGlvjB16k5KgAJ27CIsHY/2JBmCRReo48y9rQ3MaUzWX3KVlBa4U7MyX02HdVj0K7C3WaB3ju7FQ==",
      "requires": {
        "base64-js": "^1.3.1",
        "ieee754": "^1.1.13"
      }
    },
    "clone0": {
      "version": "npm:clone@0.1.19",
      "resolved": "https://registry.npmjs.org/clone/-/clone-0.1.19.tgz",
      "integrity": "sha512-IO78I0y6JcSpEPHzK4obKdsL7E7oLdRVDVOLwr2Hkbjsb+Eoz0dxW6tef0WizoKu0gLC4oZSZuEF4U2K6w1WQw=="
    },
    "clone2": {
      "version": "npm:clone@2.1.2",
      "resolved": "https://registry.npmjs.org/clone/-/clone-2.1.2.tgz",
      "integrity": "sha512-3Pe/CF1Nn94hyhIYpjtiLhdCoEoz0DqQ+988E9gmeEdQZlojxnOb74wctFyuwWQHzqyf9X7C7MG8juUpqBJT8w=="
    },
    "ieee754": {
      "version": "1.2.1",
      "resolved": "https://registry.npmjs.org/ieee754/-/ieee754-1.2.1.tgz",
      "integrity": "sha512-dcyqhDvX1C46lXZcVqCpK+FtMRQVdIMN6/Df5js2zouUsqG7I6sFxitIC+7KYK29KdXOLHdu9zL4sFnoVQnqaA=="
    }
  }
}
