# THIS IS AN AUTOGENERATED FILE. DO NOT EDIT THIS FILE DIRECTLY.
# yarn lockfile v1


kafkajs@^1.15.0:
  version "1.15.0"
  resolved "https://registry.yarnpkg.com/kafkajs/-/kafkajs-1.15.0.tgz#a5ada0d933edca2149177393562be6fb0875ec3a"
  integrity sha512-yjPyEnQCkPxAuQLIJnY5dI+xnmmgXmhuOQ1GVxClG5KTOV/rJcW1qA3UfvyEJKTp/RTSqQnUR3HJsKFvHyTpNg==
