{
  "name": "2023-03-21-js-errors",
  "version": "1.0.0",
  "lockfileVersion": 3,
  "requires": true,
  "packages": {
    "": {
      "name": "2023-03-21-js-errors",
      "version": "1.0.0",
      "license": "ISC",
      "dependencies": {
        "clarify": "^2.1.0",
        "trace": "^3.1.1"
      }
    },
    "node_modules/clarify": {
      "version": "2.1.0",
      "resolved": "https://registry.npmjs.org/clarify/-/clarify-2.1.0.tgz",
      "integrity": "sha512-sWdsTozdtoFQbmncCXqCKeUzQbEZul/WJ8xYGVJgfIf4xMEM5q0La+Gjo2MFNOVL0FfTFteHqw6JX+9M71dAdQ==",
      "dependencies": {
        "stack-chain": "^2.0.0"
      },
      "engines": {
        "node": ">=4.0"
      }
    },
    "node_modules/stack-chain": {
      "version": "2.0.0",
      "resolved": "https://registry.npmjs.org/stack-chain/-/stack-chain-2.0.0.tgz",
      "integrity": "sha512-GGrHXePi305aW7XQweYZZwiRwR7Js3MWoK/EHzzB9ROdc75nCnjSJVi21rdAGxFl+yCx2L2qdfl5y7NO4lTyqg=="
    },
    "node_modules/trace": {
      "version": "3.1.1",
      "resolved": "https://registry.npmjs.org/trace/-/trace-3.1.1.tgz",
      "integrity": "sha512-iVxFnDKps8bCRQ6kXj66rHYFJY3fNkoYPHeFTFZn89YdwmmQ9Hz97IFPf3NdfbCF3zuqUqFpRNTu6N9+eZR2qg==",
      "dependencies": {
        "stack-chain": "^2.0.0"
      },
      "engines": {
        "node": ">=8.0"
      }
    }
  }
}
