# THIS IS AN AUTOGENERATED FILE. DO NOT EDIT THIS FILE DIRECTLY.
# yarn lockfile v1


buffer-writer@2.0.0:
  version "2.0.0"
  resolved "https://repository.vnerd.com/artifactory/api/npm/npm-pluralsight/buffer-writer/-/buffer-writer-2.0.0.tgz#ce7eb81a38f7829db09c873f2fbb792c0c98ec04"
  integrity sha1-zn64Gjj3gp2wnIc/L7t5LAyY7AQ=

inherits@^2.0.3:
  version "2.0.4"
  resolved "https://repository.vnerd.com/artifactory/api/npm/npm-pluralsight/inherits/-/inherits-2.0.4.tgz#0fa2c64f932917c3433a0ded55363aae37416b7c"
  integrity sha1-D6LGT5MpF8NDOg3tVTY6rjdBa3w=

kafkajs@^1.15.0:
  version "1.15.0"
  resolved "https://repository.vnerd.com/artifactory/api/npm/npm-pluralsight/kafkajs/-/kafkajs-1.15.0.tgz#a5ada0d933edca2149177393562be6fb0875ec3a"
  integrity sha1-pa2g2TPtyiFJF3OTVivm+wh17Do=

packet-reader@1.0.0:
  version "1.0.0"
  resolved "https://repository.vnerd.com/artifactory/api/npm/npm-pluralsight/packet-reader/-/packet-reader-1.0.0.tgz#9238e5480dedabacfe1fe3f2771063f164157d74"
  integrity sha1-kjjlSA3tq6z+H+PydxBj8WQVfXQ=

pg-connection-string@^2.5.0:
  version "2.5.0"
  resolved "https://repository.vnerd.com/artifactory/api/npm/npm-pluralsight/pg-connection-string/-/pg-connection-string-2.5.0.tgz#538cadd0f7e603fc09a12590f3b8a452c2c0cf34"
  integrity sha1-U4yt0PfmA/wJoSWQ87ikUsLAzzQ=

pg-int8@1.0.1:
  version "1.0.1"
  resolved "https://repository.vnerd.com/artifactory/api/npm/npm-pluralsight/pg-int8/-/pg-int8-1.0.1.tgz#943bd463bf5b71b4170115f80f8efc9a0c0eb78c"
  integrity sha1-lDvUY79bcbQXARX4D478mgwOt4w=

pg-pool@^3.4.1:
  version "3.4.1"
  resolved "https://repository.vnerd.com/artifactory/api/npm/npm-pluralsight/pg-pool/-/pg-pool-3.4.1.tgz#0e71ce2c67b442a5e862a9c182172c37eda71e9c"
  integrity sha1-DnHOLGe0QqXoYqnBghcsN+2nHpw=

pg-protocol@^1.5.0:
  version "1.5.0"
  resolved "https://repository.vnerd.com/artifactory/api/npm/npm-pluralsight/pg-protocol/-/pg-protocol-1.5.0.tgz#b5dd452257314565e2d54ab3c132adc46565a6a0"
  integrity sha1-td1FIlcxRWXi1UqzwTKtxGVlpqA=

pg-types@^2.1.0:
  version "2.2.0"
  resolved "https://repository.vnerd.com/artifactory/api/npm/npm-pluralsight/pg-types/-/pg-types-2.2.0.tgz#2d0250d636454f7cfa3b6ae0382fdfa8063254a3"
  integrity sha1-LQJQ1jZFT3z6O2rgOC/fqAYyVKM=
  dependencies:
    pg-int8 "1.0.1"
    postgres-array "~2.0.0"
    postgres-bytea "~1.0.0"
    postgres-date "~1.0.4"
    postgres-interval "^1.1.0"

pg@^8.6.0:
  version "8.7.1"
  resolved "https://repository.vnerd.com/artifactory/api/npm/npm-pluralsight/pg/-/pg-8.7.1.tgz#9ea9d1ec225980c36f94e181d009ab9f4ce4c471"
  integrity sha1-nqnR7CJZgMNvlOGB0Amrn0zkxHE=
  dependencies:
    buffer-writer "2.0.0"
    packet-reader "1.0.0"
    pg-connection-string "^2.5.0"
    pg-pool "^3.4.1"
    pg-protocol "^1.5.0"
    pg-types "^2.1.0"
    pgpass "1.x"

pgpass@1.x:
  version "1.0.4"
  resolved "https://repository.vnerd.com/artifactory/api/npm/npm-pluralsight/pgpass/-/pgpass-1.0.4.tgz#85eb93a83800b20f8057a2b029bf05abaf94ea9c"
  integrity sha1-heuTqDgAsg+AV6KwKb8Fq6+U6pw=
  dependencies:
    split2 "^3.1.1"

postgres-array@~2.0.0:
  version "2.0.0"
  resolved "https://repository.vnerd.com/artifactory/api/npm/npm-pluralsight/postgres-array/-/postgres-array-2.0.0.tgz#48f8fce054fbc69671999329b8834b772652d82e"
  integrity sha1-SPj84FT7xpZxmZMpuINLdyZS2C4=

postgres-bytea@~1.0.0:
  version "1.0.0"
  resolved "https://repository.vnerd.com/artifactory/api/npm/npm-pluralsight/postgres-bytea/-/postgres-bytea-1.0.0.tgz#027b533c0aa890e26d172d47cf9ccecc521acd35"
  integrity sha1-AntTPAqokOJtFy1Hz5zOzFIazTU=

postgres-date@~1.0.4:
  version "1.0.7"
  resolved "https://repository.vnerd.com/artifactory/api/npm/npm-pluralsight/postgres-date/-/postgres-date-1.0.7.tgz#51bc086006005e5061c591cee727f2531bf641a8"
  integrity sha1-UbwIYAYAXlBhxZHO5yfyUxv2Qag=

postgres-interval@^1.1.0:
  version "1.2.0"
  resolved "https://repository.vnerd.com/artifactory/api/npm/npm-pluralsight/postgres-interval/-/postgres-interval-1.2.0.tgz#b460c82cb1587507788819a06aa0fffdb3544695"
  integrity sha1-tGDILLFYdQd4iBmgaqD//bNURpU=
  dependencies:
    xtend "^4.0.0"

readable-stream@^3.0.0:
  version "3.6.0"
  resolved "https://repository.vnerd.com/artifactory/api/npm/npm-pluralsight/readable-stream/-/readable-stream-3.6.0.tgz#337bbda3adc0706bd3e024426a286d4b4b2c9198"
  integrity sha1-M3u9o63AcGvT4CRCaihtS0sskZg=
  dependencies:
    inherits "^2.0.3"
    string_decoder "^1.1.1"
    util-deprecate "^1.0.1"

safe-buffer@~5.2.0:
  version "5.2.1"
  resolved "https://repository.vnerd.com/artifactory/api/npm/npm-pluralsight/safe-buffer/-/safe-buffer-5.2.1.tgz#1eaf9fa9bdb1fdd4ec75f58f9cdb4e6b7827eec6"
  integrity sha1-Hq+fqb2x/dTsdfWPnNtOa3gn7sY=

split2@^3.1.1:
  version "3.2.2"
  resolved "https://repository.vnerd.com/artifactory/api/npm/npm-pluralsight/split2/-/split2-3.2.2.tgz#bf2cf2a37d838312c249c89206fd7a17dd12365f"
  integrity sha1-vyzyo32DgxLCSciSBv16F90SNl8=
  dependencies:
    readable-stream "^3.0.0"

string_decoder@^1.1.1:
  version "1.3.0"
  resolved "https://repository.vnerd.com/artifactory/api/npm/npm-pluralsight/string_decoder/-/string_decoder-1.3.0.tgz#42f114594a46cf1a8e30b0a84f56c78c3edac21e"
  integrity sha1-QvEUWUpGzxqOMLCoT1bHjD7awh4=
  dependencies:
    safe-buffer "~5.2.0"

util-deprecate@^1.0.1:
  version "1.0.2"
  resolved "https://repository.vnerd.com/artifactory/api/npm/npm-pluralsight/util-deprecate/-/util-deprecate-1.0.2.tgz#450d4dc9fa70de732762fbd2d4a28981419a0ccf"
  integrity sha1-RQ1Nyfpw3nMnYvvS1KKJgUGaDM8=

xtend@^4.0.0:
  version "4.0.2"
  resolved "https://repository.vnerd.com/artifactory/api/npm/npm-pluralsight/xtend/-/xtend-4.0.2.tgz#bb72779f5fa465186b1f438f674fa347fdb5db54"
  integrity sha1-u3J3n1+kZRhrH0OPZ0+jR/2121Q=
