# THIS IS AN AUTOGENERATED FILE. DO NOT EDIT THIS FILE DIRECTLY.
# yarn lockfile v1


semaphore@^1.1.0:
  version "1.1.0"
  resolved "http://repository.vnerd.com/artifactory/api/npm/npm-pluralsight/semaphore/-/semaphore-1.1.0.tgz#aaad8b86b20fe8e9b32b16dc2ee682a8cd26a8aa"
  integrity sha1-qq2LhrIP6OmzKxbcLuaCqM0mqKo=
