{
  "name": "2024-03-19-preserve-stack-trace",
  "version": "1.0.0",
  "lockfileVersion": 3,
  "requires": true,
  "packages": {
    "": {
      "name": "2024-03-19-preserve-stack-trace",
      "version": "1.0.0",
      "license": "ISC",
      "dependencies": {
        "standard-error": "^1.1.0"
      }
    },
    "node_modules/standard-error": {
      "version": "1.1.0",
      "resolved": "https://registry.npmjs.org/standard-error/-/standard-error-1.1.0.tgz",
      "integrity": "sha512-4v7qzU7oLJfMI5EltUSHCaaOd65J6S4BqKRWgzMi4EYaE5fvNabPxmAPGdxpGXqrcWjhDGI/H09CIdEuUOUeXg=="
    }
  }
}
